
Microsoft Visual Studio Solution File, Format Version 12.00
# Visual Studio Version 17
VisualStudioVersion = 17.11.35222.181
MinimumVisualStudioVersion = 10.0.40219.1
Project("{FAE04EC0-301F-11D3-BF4B-00C04F79EFBC}") = "CoinFlip", "CoinFlip\CoinFlip.csproj", "{6B4DFD7B-DF06-4412-81FE-FCC094DBF11B}"
EndProject
Global
	GlobalSection(SolutionConfigurationPlatforms) = preSolution
		Debug|Any CPU = Debug|Any CPU
		Release|Any CPU = Release|Any CPU
	EndGlobalSection
	GlobalSection(ProjectConfigurationPlatforms) = postSolution
		{6B4DFD7B-DF06-4412-81FE-FCC094DBF11B}.Debug|Any CPU.ActiveCfg = Debug|Any CPU
		{6B4DFD7B-DF06-4412-81FE-FCC094DBF11B}.Debug|Any CPU.Build.0 = Debug|Any CPU
		{6B4DFD7B-DF06-4412-81FE-FCC094DBF11B}.Debug|Any CPU.Deploy.0 = Debug|Any CPU
		{6B4DFD7B-DF06-4412-81FE-FCC094DBF11B}.Release|Any CPU.ActiveCfg = Release|Any CPU
		{6B4DFD7B-DF06-4412-81FE-FCC094DBF11B}.Release|Any CPU.Build.0 = Release|Any CPU
		{6B4DFD7B-DF06-4412-81FE-FCC094DBF11B}.Release|Any CPU.Deploy.0 = Release|Any CPU
	EndGlobalSection
	GlobalSection(SolutionProperties) = preSolution
		HideSolutionNode = FALSE
	EndGlobalSection
	GlobalSection(ExtensibilityGlobals) = postSolution
		SolutionGuid = {0CF63F7F-FC1F-468B-887E-9556E3B53132}
	EndGlobalSection
EndGlobal
